
Microsoft Visual Studio Solution File, Format Version 12.00
# Visual Studio Version 16
VisualStudioVersion = 16.0.29209.62
MinimumVisualStudioVersion = 10.0.40219.1
Project("{9A19103F-16F7-4668-BE54-9A1E7A4F7556}") = "vic-qsrank.ConsoleApp", "vic-qsrank.ConsoleApp\vic-qsrank.ConsoleApp.csproj", "{223E9885-FE9A-4894-9A63-F5879B0C7687}"
EndProject
Project("{9A19103F-16F7-4668-BE54-9A1E7A4F7556}") = "vic-qsrank.Core", "vic-qsrank.Core\vic-qsrank.Core.csproj", "{E773E8F2-6C07-4E72-8EE8-625E766391A6}"
EndProject
Project("{9A19103F-16F7-4668-BE54-9A1E7A4F7556}") = "vic-qsrank.Test", "vic-qsrank.Test\vic-qsrank.Test.csproj", "{62D06545-E0FE-40B1-A0AD-5033EB00C276}"
EndProject
Project("{FAE04EC0-301F-11D3-BF4B-00C04F79EFBC}") = "vic-qsrank.ClassifierBase", "vic-qsrank.ClassifierBase\vic-qsrank.ClassifierBase.csproj", "{B95082CD-E177-4B13-9FFA-24152B43E9BC}"
EndProject
Global
	GlobalSection(SolutionConfigurationPlatforms) = preSolution
		Debug|Any CPU = Debug|Any CPU
		Release|Any CPU = Release|Any CPU
	EndGlobalSection
	GlobalSection(ProjectConfigurationPlatforms) = postSolution
		{223E9885-FE9A-4894-9A63-F5879B0C7687}.Debug|Any CPU.ActiveCfg = Debug|Any CPU
		{223E9885-FE9A-4894-9A63-F5879B0C7687}.Debug|Any CPU.Build.0 = Debug|Any CPU
		{223E9885-FE9A-4894-9A63-F5879B0C7687}.Release|Any CPU.ActiveCfg = Release|Any CPU
		{223E9885-FE9A-4894-9A63-F5879B0C7687}.Release|Any CPU.Build.0 = Release|Any CPU
		{E773E8F2-6C07-4E72-8EE8-625E766391A6}.Debug|Any CPU.ActiveCfg = Debug|Any CPU
		{E773E8F2-6C07-4E72-8EE8-625E766391A6}.Debug|Any CPU.Build.0 = Debug|Any CPU
		{E773E8F2-6C07-4E72-8EE8-625E766391A6}.Release|Any CPU.ActiveCfg = Release|Any CPU
		{E773E8F2-6C07-4E72-8EE8-625E766391A6}.Release|Any CPU.Build.0 = Release|Any CPU
		{62D06545-E0FE-40B1-A0AD-5033EB00C276}.Debug|Any CPU.ActiveCfg = Debug|Any CPU
		{62D06545-E0FE-40B1-A0AD-5033EB00C276}.Debug|Any CPU.Build.0 = Debug|Any CPU
		{62D06545-E0FE-40B1-A0AD-5033EB00C276}.Release|Any CPU.ActiveCfg = Release|Any CPU
		{62D06545-E0FE-40B1-A0AD-5033EB00C276}.Release|Any CPU.Build.0 = Release|Any CPU
		{B95082CD-E177-4B13-9FFA-24152B43E9BC}.Debug|Any CPU.ActiveCfg = Debug|Any CPU
		{B95082CD-E177-4B13-9FFA-24152B43E9BC}.Debug|Any CPU.Build.0 = Debug|Any CPU
		{B95082CD-E177-4B13-9FFA-24152B43E9BC}.Release|Any CPU.ActiveCfg = Release|Any CPU
		{B95082CD-E177-4B13-9FFA-24152B43E9BC}.Release|Any CPU.Build.0 = Release|Any CPU
	EndGlobalSection
	GlobalSection(SolutionProperties) = preSolution
		HideSolutionNode = FALSE
	EndGlobalSection
	GlobalSection(ExtensibilityGlobals) = postSolution
		SolutionGuid = {634E1224-D8F4-4322-946F-06319B4BA028}
	EndGlobalSection
EndGlobal
